{
  "name": "example",
  "version": "1.0.0",
  "lockfileVersion": 1,
  "requires": true,
  "dependencies": {
    "jsonschema": {
      "version": "1.2.4",
      "resolved": "https://registry.npmjs.org/jsonschema/-/jsonschema-1.2.4.tgz",
      "integrity": "sha512-lz1nOH69GbsVHeVgEdvyavc/33oymY1AZwtePMiMj4HZPMbP5OIKK3zT9INMWjwua/V4Z4yq7wSlBbSG+g4AEw=="
    },
    "miningo": {
      "version": "1.0.6",
      "resolved": "https://registry.npmjs.org/miningo/-/miningo-1.0.6.tgz",
      "integrity": "sha512-HXaufmO1BWpR/b1MALCXwK2Zjkpsk+irSzMgO/7uwtA9PDVCYfB6QGE/+k7oYByyTi5C8/hRVJoNB9blTGTteQ==",
      "requires": {
        "jsonschema": "1.2.4"
      }
    }
  }
}
