{
  "name": "example",
  "version": "1.0.0",
  "lockfileVersion": 1,
  "requires": true,
  "dependencies": {
    "jsonschema": {
      "version": "1.2.4",
      "resolved": "https://registry.npmjs.org/jsonschema/-/jsonschema-1.2.4.tgz",
      "integrity": "sha512-lz1nOH69GbsVHeVgEdvyavc/33oymY1AZwtePMiMj4HZPMbP5OIKK3zT9INMWjwua/V4Z4yq7wSlBbSG+g4AEw=="
    },
    "miningo": {
      "version": "1.0.9",
      "resolved": "https://registry.npmjs.org/miningo/-/miningo-1.0.9.tgz",
      "integrity": "sha512-X3o507eskcFNdsJzupOh2vhQdn3mryJcWSK7VOX0Xs9HB5ld4Wy9LCOzzsTdvl8jA+HzrUOKZy3f4QE77+ztng==",
      "requires": {
        "jsonschema": "1.2.4"
      }
    }
  }
}
